// !$*UTF8*$!
{
	archiveVersion = 1;
	classes = {
	};
	objectVersion = 55;
	objects = {

/* Begin PBXBuildFile section */
		3F739FD1CFA3C25FDEE50485 /* Pods_SortbyRealmTestApp_SortbyRealmTestAppUITests.framework in Frameworks */ = {isa = PBXBuildFile; fileRef = 1ACB32BD8AB7777A35655B1F /* Pods_SortbyRealmTestApp_SortbyRealmTestAppUITests.framework */; };
		6912858827FE1AC2009EE361 /* AppDelegate.swift in Sources */ = {isa = PBXBuildFile; fileRef = 6912858727FE1AC2009EE361 /* AppDelegate.swift */; };
		6912858A27FE1AC2009EE361 /* SceneDelegate.swift in Sources */ = {isa = PBXBuildFile; fileRef = 6912858927FE1AC2009EE361 /* SceneDelegate.swift */; };
		6912858C27FE1AC2009EE361 /* ViewController.swift in Sources */ = {isa = PBXBuildFile; fileRef = 6912858B27FE1AC2009EE361 /* ViewController.swift */; };
		6912858F27FE1AC2009EE361 /* Main.storyboard in Resources */ = {isa = PBXBuildFile; fileRef = 6912858D27FE1AC2009EE361 /* Main.storyboard */; };
		6912859127FE1AC3009EE361 /* Assets.xcassets in Resources */ = {isa = PBXBuildFile; fileRef = 6912859027FE1AC3009EE361 /* Assets.xcassets */; };
		6912859427FE1AC3009EE361 /* LaunchScreen.storyboard in Resources */ = {isa = PBXBuildFile; fileRef = 6912859227FE1AC3009EE361 /* LaunchScreen.storyboard */; };
		6912859F27FE1AC3009EE361 /* SortbyRealmTestAppTests.swift in Sources */ = {isa = PBXBuildFile; fileRef = 6912859E27FE1AC3009EE361 /* SortbyRealmTestAppTests.swift */; };
		691285A927FE1AC3009EE361 /* SortbyRealmTestAppUITests.swift in Sources */ = {isa = PBXBuildFile; fileRef = 691285A827FE1AC3009EE361 /* SortbyRealmTestAppUITests.swift */; };
		691285AB27FE1AC3009EE361 /* SortbyRealmTestAppUITestsLaunchTests.swift in Sources */ = {isa = PBXBuildFile; fileRef = 691285AA27FE1AC3009EE361 /* SortbyRealmTestAppUITestsLaunchTests.swift */; };
		691285B827FE1B9C009EE361 /* ItemModel.swift in Sources */ = {isa = PBXBuildFile; fileRef = 691285B727FE1B9C009EE361 /* ItemModel.swift */; };
		691285BA27FE344E009EE361 /* SecondViewController.swift in Sources */ = {isa = PBXBuildFile; fileRef = 691285B927FE344E009EE361 /* SecondViewController.swift */; };
		99AE0A283728BD29272FEB02 /* Pods_SortbyRealmTestApp.framework in Frameworks */ = {isa = PBXBuildFile; fileRef = 9D9CB9AF2896CDB1D90D6B82 /* Pods_SortbyRealmTestApp.framework */; };
		C47F18559E01CCEA6E3E88DB /* Pods_SortbyRealmTestAppTests.framework in Frameworks */ = {isa = PBXBuildFile; fileRef = B370BF50A6D5E3D2E3AE5143 /* Pods_SortbyRealmTestAppTests.framework */; };
/* End PBXBuildFile section */

/* Begin PBXContainerItemProxy section */
		6912859B27FE1AC3009EE361 /* PBXContainerItemProxy */ = {
			isa = PBXContainerItemProxy;
			containerPortal = 6912857C27FE1AC2009EE361 /* Project object */;
			proxyType = 1;
			remoteGlobalIDString = 6912858327FE1AC2009EE361;
			remoteInfo = SortbyRealmTestApp;
		};
		691285A527FE1AC3009EE361 /* PBXContainerItemProxy */ = {
			isa = PBXContainerItemProxy;
			containerPortal = 6912857C27FE1AC2009EE361 /* Project object */;
			proxyType = 1;
			remoteGlobalIDString = 6912858327FE1AC2009EE361;
			remoteInfo = SortbyRealmTestApp;
		};
/* End PBXContainerItemProxy section */

/* Begin PBXFileReference section */
		1ACB32BD8AB7777A35655B1F /* Pods_SortbyRealmTestApp_SortbyRealmTestAppUITests.framework */ = {isa = PBXFileReference; explicitFileType = wrapper.framework; includeInIndex = 0; path = Pods_SortbyRealmTestApp_SortbyRealmTestAppUITests.framework; sourceTree = BUILT_PRODUCTS_DIR; };
		25EB3F80A52B5397A65EDC9C /* Pods-SortbyRealmTestAppTests.release.xcconfig */ = {isa = PBXFileReference; includeInIndex = 1; lastKnownFileType = text.xcconfig; name = "Pods-SortbyRealmTestAppTests.release.xcconfig"; path = "Target Support Files/Pods-SortbyRealmTestAppTests/Pods-SortbyRealmTestAppTests.release.xcconfig"; sourceTree = "<group>"; };
		311C0D822EF37AF80FD9185C /* Pods-SortbyRealmTestAppTests.debug.xcconfig */ = {isa = PBXFileReference; includeInIndex = 1; lastKnownFileType = text.xcconfig; name = "Pods-SortbyRealmTestAppTests.debug.xcconfig"; path = "Target Support Files/Pods-SortbyRealmTestAppTests/Pods-SortbyRealmTestAppTests.debug.xcconfig"; sourceTree = "<group>"; };
		6912858427FE1AC2009EE361 /* SortbyRealmTestApp.app */ = {isa = PBXFileReference; explicitFileType = wrapper.application; includeInIndex = 0; path = SortbyRealmTestApp.app; sourceTree = BUILT_PRODUCTS_DIR; };
		6912858727FE1AC2009EE361 /* AppDelegate.swift */ = {isa = PBXFileReference; lastKnownFileType = sourcecode.swift; path = AppDelegate.swift; sourceTree = "<group>"; };
		6912858927FE1AC2009EE361 /* SceneDelegate.swift */ = {isa = PBXFileReference; lastKnownFileType = sourcecode.swift; path = SceneDelegate.swift; sourceTree = "<group>"; };
		6912858B27FE1AC2009EE361 /* ViewController.swift */ = {isa = PBXFileReference; lastKnownFileType = sourcecode.swift; path = ViewController.swift; sourceTree = "<group>"; };
		6912858E27FE1AC2009EE361 /* Base */ = {isa = PBXFileReference; lastKnownFileType = file.storyboard; name = Base; path = Base.lproj/Main.storyboard; sourceTree = "<group>"; };
		6912859027FE1AC3009EE361 /* Assets.xcassets */ = {isa = PBXFileReference; lastKnownFileType = folder.assetcatalog; path = Assets.xcassets; sourceTree = "<group>"; };
		6912859327FE1AC3009EE361 /* Base */ = {isa = PBXFileReference; lastKnownFileType = file.storyboard; name = Base; path = Base.lproj/LaunchScreen.storyboard; sourceTree = "<group>"; };
		6912859527FE1AC3009EE361 /* Info.plist */ = {isa = PBXFileReference; lastKnownFileType = text.plist.xml; path = Info.plist; sourceTree = "<group>"; };
		6912859A27FE1AC3009EE361 /* SortbyRealmTestAppTests.xctest */ = {isa = PBXFileReference; explicitFileType = wrapper.cfbundle; includeInIndex = 0; path = SortbyRealmTestAppTests.xctest; sourceTree = BUILT_PRODUCTS_DIR; };
		6912859E27FE1AC3009EE361 /* SortbyRealmTestAppTests.swift */ = {isa = PBXFileReference; lastKnownFileType = sourcecode.swift; path = SortbyRealmTestAppTests.swift; sourceTree = "<group>"; };
		691285A427FE1AC3009EE361 /* SortbyRealmTestAppUITests.xctest */ = {isa = PBXFileReference; explicitFileType = wrapper.cfbundle; includeInIndex = 0; path = SortbyRealmTestAppUITests.xctest; sourceTree = BUILT_PRODUCTS_DIR; };
		691285A827FE1AC3009EE361 /* SortbyRealmTestAppUITests.swift */ = {isa = PBXFileReference; lastKnownFileType = sourcecode.swift; path = SortbyRealmTestAppUITests.swift; sourceTree = "<group>"; };
		691285AA27FE1AC3009EE361 /* SortbyRealmTestAppUITestsLaunchTests.swift */ = {isa = PBXFileReference; lastKnownFileType = sourcecode.swift; path = SortbyRealmTestAppUITestsLaunchTests.swift; sourceTree = "<group>"; };
		691285B727FE1B9C009EE361 /* ItemModel.swift */ = {isa = PBXFileReference; lastKnownFileType = sourcecode.swift; path = ItemModel.swift; sourceTree = "<group>"; };
		691285B927FE344E009EE361 /* SecondViewController.swift */ = {isa = PBXFileReference; lastKnownFileType = sourcecode.swift; path = SecondViewController.swift; sourceTree = "<group>"; };
		77AFEF5BD6D8BE2C56361E63 /* Pods-SortbyRealmTestApp.release.xcconfig */ = {isa = PBXFileReference; includeInIndex = 1; lastKnownFileType = text.xcconfig; name = "Pods-SortbyRealmTestApp.release.xcconfig"; path = "Target Support Files/Pods-SortbyRealmTestApp/Pods-SortbyRealmTestApp.release.xcconfig"; sourceTree = "<group>"; };
		9D9CB9AF2896CDB1D90D6B82 /* Pods_SortbyRealmTestApp.framework */ = {isa = PBXFileReference; explicitFileType = wrapper.framework; includeInIndex = 0; path = Pods_SortbyRealmTestApp.framework; sourceTree = BUILT_PRODUCTS_DIR; };
		AFC2204146264E045D9FCA36 /* Pods-SortbyRealmTestApp-SortbyRealmTestAppUITests.debug.xcconfig */ = {isa = PBXFileReference; includeInIndex = 1; lastKnownFileType = text.xcconfig; name = "Pods-SortbyRealmTestApp-SortbyRealmTestAppUITests.debug.xcconfig"; path = "Target Support Files/Pods-SortbyRealmTestApp-SortbyRealmTestAppUITests/Pods-SortbyRealmTestApp-SortbyRealmTestAppUITests.debug.xcconfig"; sourceTree = "<group>"; };
		B370BF50A6D5E3D2E3AE5143 /* Pods_SortbyRealmTestAppTests.framework */ = {isa = PBXFileReference; explicitFileType = wrapper.framework; includeInIndex = 0; path = Pods_SortbyRealmTestAppTests.framework; sourceTree = BUILT_PRODUCTS_DIR; };
		C1E86CC6D3063438CBEAB37A /* Pods-SortbyRealmTestApp-SortbyRealmTestAppUITests.release.xcconfig */ = {isa = PBXFileReference; includeInIndex = 1; lastKnownFileType = text.xcconfig; name = "Pods-SortbyRealmTestApp-SortbyRealmTestAppUITests.release.xcconfig"; path = "Target Support Files/Pods-SortbyRealmTestApp-SortbyRealmTestAppUITests/Pods-SortbyRealmTestApp-SortbyRealmTestAppUITests.release.xcconfig"; sourceTree = "<group>"; };
		D6ACEDFCB44D42E250AB5A3B /* Pods-SortbyRealmTestApp.debug.xcconfig */ = {isa = PBXFileReference; includeInIndex = 1; lastKnownFileType = text.xcconfig; name = "Pods-SortbyRealmTestApp.debug.xcconfig"; path = "Target Support Files/Pods-SortbyRealmTestApp/Pods-SortbyRealmTestApp.debug.xcconfig"; sourceTree = "<group>"; };
/* End PBXFileReference section */

/* Begin PBXFrameworksBuildPhase section */
		6912858127FE1AC2009EE361 /* Frameworks */ = {
			isa = PBXFrameworksBuildPhase;
			buildActionMask = 2147483647;
			files = (
				99AE0A283728BD29272FEB02 /* Pods_SortbyRealmTestApp.framework in Frameworks */,
			);
			runOnlyForDeploymentPostprocessing = 0;
		};
		6912859727FE1AC3009EE361 /* Frameworks */ = {
			isa = PBXFrameworksBuildPhase;
			buildActionMask = 2147483647;
			files = (
				C47F18559E01CCEA6E3E88DB /* Pods_SortbyRealmTestAppTests.framework in Frameworks */,
			);
			runOnlyForDeploymentPostprocessing = 0;
		};
		691285A127FE1AC3009EE361 /* Frameworks */ = {
			isa = PBXFrameworksBuildPhase;
			buildActionMask = 2147483647;
			files = (
				3F739FD1CFA3C25FDEE50485 /* Pods_SortbyRealmTestApp_SortbyRealmTestAppUITests.framework in Frameworks */,
			);
			runOnlyForDeploymentPostprocessing = 0;
		};
/* End PBXFrameworksBuildPhase section */

/* Begin PBXGroup section */
		6912857B27FE1AC2009EE361 = {
			isa = PBXGroup;
			children = (
				6912858627FE1AC2009EE361 /* SortbyRealmTestApp */,
				6912859D27FE1AC3009EE361 /* SortbyRealmTestAppTests */,
				691285A727FE1AC3009EE361 /* SortbyRealmTestAppUITests */,
				6912858527FE1AC2009EE361 /* Products */,
				EB7CA362A898B342196EEB42 /* Pods */,
				92282A55B3B788986C6B287D /* Frameworks */,
			);
			sourceTree = "<group>";
		};
		6912858527FE1AC2009EE361 /* Products */ = {
			isa = PBXGroup;
			children = (
				6912858427FE1AC2009EE361 /* SortbyRealmTestApp.app */,
				6912859A27FE1AC3009EE361 /* SortbyRealmTestAppTests.xctest */,
				691285A427FE1AC3009EE361 /* SortbyRealmTestAppUITests.xctest */,
			);
			name = Products;
			sourceTree = "<group>";
		};
		6912858627FE1AC2009EE361 /* SortbyRealmTestApp */ = {
			isa = PBXGroup;
			children = (
				6912858727FE1AC2009EE361 /* AppDelegate.swift */,
				6912858927FE1AC2009EE361 /* SceneDelegate.swift */,
				6912858B27FE1AC2009EE361 /* ViewController.swift */,
				691285B927FE344E009EE361 /* SecondViewController.swift */,
				691285B727FE1B9C009EE361 /* ItemModel.swift */,
				6912858D27FE1AC2009EE361 /* Main.storyboard */,
				6912859027FE1AC3009EE361 /* Assets.xcassets */,
				6912859227FE1AC3009EE361 /* LaunchScreen.storyboard */,
				6912859527FE1AC3009EE361 /* Info.plist */,
			);
			path = SortbyRealmTestApp;
			sourceTree = "<group>";
		};
		6912859D27FE1AC3009EE361 /* SortbyRealmTestAppTests */ = {
			isa = PBXGroup;
			children = (
				6912859E27FE1AC3009EE361 /* SortbyRealmTestAppTests.swift */,
			);
			path = SortbyRealmTestAppTests;
			sourceTree = "<group>";
		};
		691285A727FE1AC3009EE361 /* SortbyRealmTestAppUITests */ = {
			isa = PBXGroup;
			children = (
				691285A827FE1AC3009EE361 /* SortbyRealmTestAppUITests.swift */,
				691285AA27FE1AC3009EE361 /* SortbyRealmTestAppUITestsLaunchTests.swift */,
			);
			path = SortbyRealmTestAppUITests;
			sourceTree = "<group>";
		};
		92282A55B3B788986C6B287D /* Frameworks */ = {
			isa = PBXGroup;
			children = (
				9D9CB9AF2896CDB1D90D6B82 /* Pods_SortbyRealmTestApp.framework */,
				1ACB32BD8AB7777A35655B1F /* Pods_SortbyRealmTestApp_SortbyRealmTestAppUITests.framework */,
				B370BF50A6D5E3D2E3AE5143 /* Pods_SortbyRealmTestAppTests.framework */,
			);
			name = Frameworks;
			sourceTree = "<group>";
		};
		EB7CA362A898B342196EEB42 /* Pods */ = {
			isa = PBXGroup;
			children = (
				D6ACEDFCB44D42E250AB5A3B /* Pods-SortbyRealmTestApp.debug.xcconfig */,
				77AFEF5BD6D8BE2C56361E63 /* Pods-SortbyRealmTestApp.release.xcconfig */,
				AFC2204146264E045D9FCA36 /* Pods-SortbyRealmTestApp-SortbyRealmTestAppUITests.debug.xcconfig */,
				C1E86CC6D3063438CBEAB37A /* Pods-SortbyRealmTestApp-SortbyRealmTestAppUITests.release.xcconfig */,
				311C0D822EF37AF80FD9185C /* Pods-SortbyRealmTestAppTests.debug.xcconfig */,
				25EB3F80A52B5397A65EDC9C /* Pods-SortbyRealmTestAppTests.release.xcconfig */,
			);
			path = Pods;
			sourceTree = "<group>";
		};
/* End PBXGroup section */

/* Begin PBXNativeTarget section */
		6912858327FE1AC2009EE361 /* SortbyRealmTestApp */ = {
			isa = PBXNativeTarget;
			buildConfigurationList = 691285AE27FE1AC3009EE361 /* Build configuration list for PBXNativeTarget "SortbyRealmTestApp" */;
			buildPhases = (
				7E9E646C047606C867337ACA /* [CP] Check Pods Manifest.lock */,
				6912858027FE1AC2009EE361 /* Sources */,
				6912858127FE1AC2009EE361 /* Frameworks */,
				6912858227FE1AC2009EE361 /* Resources */,
				63D4E43CC8D89102ED99FC60 /* [CP] Embed Pods Frameworks */,
			);
			buildRules = (
			);
			dependencies = (
			);
			name = SortbyRealmTestApp;
			productName = SortbyRealmTestApp;
			productReference = 6912858427FE1AC2009EE361 /* SortbyRealmTestApp.app */;
			productType = "com.apple.product-type.application";
		};
		6912859927FE1AC3009EE361 /* SortbyRealmTestAppTests */ = {
			isa = PBXNativeTarget;
			buildConfigurationList = 691285B127FE1AC3009EE361 /* Build configuration list for PBXNativeTarget "SortbyRealmTestAppTests" */;
			buildPhases = (
				27DE7D27BA497E1E1BB88DF4 /* [CP] Check Pods Manifest.lock */,
				6912859627FE1AC3009EE361 /* Sources */,
				6912859727FE1AC3009EE361 /* Frameworks */,
				6912859827FE1AC3009EE361 /* Resources */,
			);
			buildRules = (
			);
			dependencies = (
				6912859C27FE1AC3009EE361 /* PBXTargetDependency */,
			);
			name = SortbyRealmTestAppTests;
			productName = SortbyRealmTestAppTests;
			productReference = 6912859A27FE1AC3009EE361 /* SortbyRealmTestAppTests.xctest */;
			productType = "com.apple.product-type.bundle.unit-test";
		};
		691285A327FE1AC3009EE361 /* SortbyRealmTestAppUITests */ = {
			isa = PBXNativeTarget;
			buildConfigurationList = 691285B427FE1AC3009EE361 /* Build configuration list for PBXNativeTarget "SortbyRealmTestAppUITests" */;
			buildPhases = (
				25C9CBDB2D26F69C8A8E5287 /* [CP] Check Pods Manifest.lock */,
				691285A027FE1AC3009EE361 /* Sources */,
				691285A127FE1AC3009EE361 /* Frameworks */,
				691285A227FE1AC3009EE361 /* Resources */,
				6F46BAC7EECC293D649BEFB9 /* [CP] Embed Pods Frameworks */,
			);
			buildRules = (
			);
			dependencies = (
				691285A627FE1AC3009EE361 /* PBXTargetDependency */,
			);
			name = SortbyRealmTestAppUITests;
			productName = SortbyRealmTestAppUITests;
			productReference = 691285A427FE1AC3009EE361 /* SortbyRealmTestAppUITests.xctest */;
			productType = "com.apple.product-type.bundle.ui-testing";
		};
/* End PBXNativeTarget section */

/* Begin PBXProject section */
		6912857C27FE1AC2009EE361 /* Project object */ = {
			isa = PBXProject;
			attributes = {
				BuildIndependentTargetsInParallel = 1;
				LastSwiftUpdateCheck = 1330;
				LastUpgradeCheck = 1330;
				TargetAttributes = {
					6912858327FE1AC2009EE361 = {
						CreatedOnToolsVersion = 13.3;
					};
					6912859927FE1AC3009EE361 = {
						CreatedOnToolsVersion = 13.3;
						TestTargetID = 6912858327FE1AC2009EE361;
					};
					691285A327FE1AC3009EE361 = {
						CreatedOnToolsVersion = 13.3;
						TestTargetID = 6912858327FE1AC2009EE361;
					};
				};
			};
			buildConfigurationList = 6912857F27FE1AC2009EE361 /* Build configuration list for PBXProject "SortbyRealmTestApp" */;
			compatibilityVersion = "Xcode 13.0";
			developmentRegion = en;
			hasScannedForEncodings = 0;
			knownRegions = (
				en,
				Base,
			);
			mainGroup = 6912857B27FE1AC2009EE361;
			productRefGroup = 6912858527FE1AC2009EE361 /* Products */;
			projectDirPath = "";
			projectRoot = "";
			targets = (
				6912858327FE1AC2009EE361 /* SortbyRealmTestApp */,
				6912859927FE1AC3009EE361 /* SortbyRealmTestAppTests */,
				691285A327FE1AC3009EE361 /* SortbyRealmTestAppUITests */,
			);
		};
/* End PBXProject section */

/* Begin PBXResourcesBuildPhase section */
		6912858227FE1AC2009EE361 /* Resources */ = {
			isa = PBXResourcesBuildPhase;
			buildActionMask = 2147483647;
			files = (
				6912859427FE1AC3009EE361 /* LaunchScreen.storyboard in Resources */,
				6912859127FE1AC3009EE361 /* Assets.xcassets in Resources */,
				6912858F27FE1AC2009EE361 /* Main.storyboard in Resources */,
			);
			runOnlyForDeploymentPostprocessing = 0;
		};
		6912859827FE1AC3009EE361 /* Resources */ = {
			isa = PBXResourcesBuildPhase;
			buildActionMask = 2147483647;
			files = (
			);
			runOnlyForDeploymentPostprocessing = 0;
		};
		691285A227FE1AC3009EE361 /* Resources */ = {
			isa = PBXResourcesBuildPhase;
			buildActionMask = 2147483647;
			files = (
			);
			runOnlyForDeploymentPostprocessing = 0;
		};
/* End PBXResourcesBuildPhase section */

/* Begin PBXShellScriptBuildPhase section */
		25C9CBDB2D26F69C8A8E5287 /* [CP] Check Pods Manifest.lock */ = {
			isa = PBXShellScriptBuildPhase;
			buildActionMask = 2147483647;
			files = (
			);
			inputFileListPaths = (
			);
			inputPaths = (
				"${PODS_PODFILE_DIR_PATH}/Podfile.lock",
				"${PODS_ROOT}/Manifest.lock",
			);
			name = "[CP] Check Pods Manifest.lock";
			outputFileListPaths = (
			);
			outputPaths = (
				"$(DERIVED_FILE_DIR)/Pods-SortbyRealmTestApp-SortbyRealmTestAppUITests-checkManifestLockResult.txt",
			);
			runOnlyForDeploymentPostprocessing = 0;
			shellPath = /bin/sh;
			shellScript = "diff \"${PODS_PODFILE_DIR_PATH}/Podfile.lock\" \"${PODS_ROOT}/Manifest.lock\" > /dev/null\nif [ $? != 0 ] ; then\n    # print error to STDERR\n    echo \"error: The sandbox is not in sync with the Podfile.lock. Run 'pod install' or update your CocoaPods installation.\" >&2\n    exit 1\nfi\n# This output is used by Xcode 'outputs' to avoid re-running this script phase.\necho \"SUCCESS\" > \"${SCRIPT_OUTPUT_FILE_0}\"\n";
			showEnvVarsInLog = 0;
		};
		27DE7D27BA497E1E1BB88DF4 /* [CP] Check Pods Manifest.lock */ = {
			isa = PBXShellScriptBuildPhase;
			buildActionMask = 2147483647;
			files = (
			);
			inputFileListPaths = (
			);
			inputPaths = (
				"${PODS_PODFILE_DIR_PATH}/Podfile.lock",
				"${PODS_ROOT}/Manifest.lock",
			);
			name = "[CP] Check Pods Manifest.lock";
			outputFileListPaths = (
			);
			outputPaths = (
				"$(DERIVED_FILE_DIR)/Pods-SortbyRealmTestAppTests-checkManifestLockResult.txt",
			);
			runOnlyForDeploymentPostprocessing = 0;
			shellPath = /bin/sh;
			shellScript = "diff \"${PODS_PODFILE_DIR_PATH}/Podfile.lock\" \"${PODS_ROOT}/Manifest.lock\" > /dev/null\nif [ $? != 0 ] ; then\n    # print error to STDERR\n    echo \"error: The sandbox is not in sync with the Podfile.lock. Run 'pod install' or update your CocoaPods installation.\" >&2\n    exit 1\nfi\n# This output is used by Xcode 'outputs' to avoid re-running this script phase.\necho \"SUCCESS\" > \"${SCRIPT_OUTPUT_FILE_0}\"\n";
			showEnvVarsInLog = 0;
		};
		63D4E43CC8D89102ED99FC60 /* [CP] Embed Pods Frameworks */ = {
			isa = PBXShellScriptBuildPhase;
			buildActionMask = 2147483647;
			files = (
			);
			inputFileListPaths = (
				"${PODS_ROOT}/Target Support Files/Pods-SortbyRealmTestApp/Pods-SortbyRealmTestApp-frameworks-${CONFIGURATION}-input-files.xcfilelist",
			);
			name = "[CP] Embed Pods Frameworks";
			outputFileListPaths = (
				"${PODS_ROOT}/Target Support Files/Pods-SortbyRealmTestApp/Pods-SortbyRealmTestApp-frameworks-${CONFIGURATION}-output-files.xcfilelist",
			);
			runOnlyForDeploymentPostprocessing = 0;
			shellPath = /bin/sh;
			shellScript = "\"${PODS_ROOT}/Target Support Files/Pods-SortbyRealmTestApp/Pods-SortbyRealmTestApp-frameworks.sh\"\n";
			showEnvVarsInLog = 0;
		};
		6F46BAC7EECC293D649BEFB9 /* [CP] Embed Pods Frameworks */ = {
			isa = PBXShellScriptBuildPhase;
			buildActionMask = 2147483647;
			files = (
			);
			inputFileListPaths = (
				"${PODS_ROOT}/Target Support Files/Pods-SortbyRealmTestApp-SortbyRealmTestAppUITests/Pods-SortbyRealmTestApp-SortbyRealmTestAppUITests-frameworks-${CONFIGURATION}-input-files.xcfilelist",
			);
			name = "[CP] Embed Pods Frameworks";
			outputFileListPaths = (
				"${PODS_ROOT}/Target Support Files/Pods-SortbyRealmTestApp-SortbyRealmTestAppUITests/Pods-SortbyRealmTestApp-SortbyRealmTestAppUITests-frameworks-${CONFIGURATION}-output-files.xcfilelist",
			);
			runOnlyForDeploymentPostprocessing = 0;
			shellPath = /bin/sh;
			shellScript = "\"${PODS_ROOT}/Target Support Files/Pods-SortbyRealmTestApp-SortbyRealmTestAppUITests/Pods-SortbyRealmTestApp-SortbyRealmTestAppUITests-frameworks.sh\"\n";
			showEnvVarsInLog = 0;
		};
		7E9E646C047606C867337ACA /* [CP] Check Pods Manifest.lock */ = {
			isa = PBXShellScriptBuildPhase;
			buildActionMask = 2147483647;
			files = (
			);
			inputFileListPaths = (
			);
			inputPaths = (
				"${PODS_PODFILE_DIR_PATH}/Podfile.lock",
				"${PODS_ROOT}/Manifest.lock",
			);
			name = "[CP] Check Pods Manifest.lock";
			outputFileListPaths = (
			);
			outputPaths = (
				"$(DERIVED_FILE_DIR)/Pods-SortbyRealmTestApp-checkManifestLockResult.txt",
			);
			runOnlyForDeploymentPostprocessing = 0;
			shellPath = /bin/sh;
			shellScript = "diff \"${PODS_PODFILE_DIR_PATH}/Podfile.lock\" \"${PODS_ROOT}/Manifest.lock\" > /dev/null\nif [ $? != 0 ] ; then\n    # print error to STDERR\n    echo \"error: The sandbox is not in sync with the Podfile.lock. Run 'pod install' or update your CocoaPods installation.\" >&2\n    exit 1\nfi\n# This output is used by Xcode 'outputs' to avoid re-running this script phase.\necho \"SUCCESS\" > \"${SCRIPT_OUTPUT_FILE_0}\"\n";
			showEnvVarsInLog = 0;
		};
/* End PBXShellScriptBuildPhase section */

/* Begin PBXSourcesBuildPhase section */
		6912858027FE1AC2009EE361 /* Sources */ = {
			isa = PBXSourcesBuildPhase;
			buildActionMask = 2147483647;
			files = (
				6912858C27FE1AC2009EE361 /* ViewController.swift in Sources */,
				6912858827FE1AC2009EE361 /* AppDelegate.swift in Sources */,
				691285B827FE1B9C009EE361 /* ItemModel.swift in Sources */,
				691285BA27FE344E009EE361 /* SecondViewController.swift in Sources */,
				6912858A27FE1AC2009EE361 /* SceneDelegate.swift in Sources */,
			);
			runOnlyForDeploymentPostprocessing = 0;
		};
		6912859627FE1AC3009EE361 /* Sources */ = {
			isa = PBXSourcesBuildPhase;
			buildActionMask = 2147483647;
			files = (
				6912859F27FE1AC3009EE361 /* SortbyRealmTestAppTests.swift in Sources */,
			);
			runOnlyForDeploymentPostprocessing = 0;
		};
		691285A027FE1AC3009EE361 /* Sources */ = {
			isa = PBXSourcesBuildPhase;
			buildActionMask = 2147483647;
			files = (
				691285A927FE1AC3009EE361 /* SortbyRealmTestAppUITests.swift in Sources */,
				691285AB27FE1AC3009EE361 /* SortbyRealmTestAppUITestsLaunchTests.swift in Sources */,
			);
			runOnlyForDeploymentPostprocessing = 0;
		};
/* End PBXSourcesBuildPhase section */

/* Begin PBXTargetDependency section */
		6912859C27FE1AC3009EE361 /* PBXTargetDependency */ = {
			isa = PBXTargetDependency;
			target = 6912858327FE1AC2009EE361 /* SortbyRealmTestApp */;
			targetProxy = 6912859B27FE1AC3009EE361 /* PBXContainerItemProxy */;
		};
		691285A627FE1AC3009EE361 /* PBXTargetDependency */ = {
			isa = PBXTargetDependency;
			target = 6912858327FE1AC2009EE361 /* SortbyRealmTestApp */;
			targetProxy = 691285A527FE1AC3009EE361 /* PBXContainerItemProxy */;
		};
/* End PBXTargetDependency section */

/* Begin PBXVariantGroup section */
		6912858D27FE1AC2009EE361 /* Main.storyboard */ = {
			isa = PBXVariantGroup;
			children = (
				6912858E27FE1AC2009EE361 /* Base */,
			);
			name = Main.storyboard;
			sourceTree = "<group>";
		};
		6912859227FE1AC3009EE361 /* LaunchScreen.storyboard */ = {
			isa = PBXVariantGroup;
			children = (
				6912859327FE1AC3009EE361 /* Base */,
			);
			name = LaunchScreen.storyboard;
			sourceTree = "<group>";
		};
/* End PBXVariantGroup section */

/* Begin XCBuildConfiguration section */
		691285AC27FE1AC3009EE361 /* Debug */ = {
			isa = XCBuildConfiguration;
			buildSettings = {
				ALWAYS_SEARCH_USER_PATHS = NO;
				CLANG_ANALYZER_NONNULL = YES;
				CLANG_ANALYZER_NUMBER_OBJECT_CONVERSION = YES_AGGRESSIVE;
				CLANG_CXX_LANGUAGE_STANDARD = "gnu++17";
				CLANG_ENABLE_MODULES = YES;
				CLANG_ENABLE_OBJC_ARC = YES;
				CLANG_ENABLE_OBJC_WEAK = YES;
				CLANG_WARN_BLOCK_CAPTURE_AUTORELEASING = YES;
				CLANG_WARN_BOOL_CONVERSION = YES;
				CLANG_WARN_COMMA = YES;
				CLANG_WARN_CONSTANT_CONVERSION = YES;
				CLANG_WARN_DEPRECATED_OBJC_IMPLEMENTATIONS = YES;
				CLANG_WARN_DIRECT_OBJC_ISA_USAGE = YES_ERROR;
				CLANG_WARN_DOCUMENTATION_COMMENTS = YES;
				CLANG_WARN_EMPTY_BODY = YES;
				CLANG_WARN_ENUM_CONVERSION = YES;
				CLANG_WARN_INFINITE_RECURSION = YES;
				CLANG_WARN_INT_CONVERSION = YES;
				CLANG_WARN_NON_LITERAL_NULL_CONVERSION = YES;
				CLANG_WARN_OBJC_IMPLICIT_RETAIN_SELF = YES;
				CLANG_WARN_OBJC_LITERAL_CONVERSION = YES;
				CLANG_WARN_OBJC_ROOT_CLASS = YES_ERROR;
				CLANG_WARN_QUOTED_INCLUDE_IN_FRAMEWORK_HEADER = YES;
				CLANG_WARN_RANGE_LOOP_ANALYSIS = YES;
				CLANG_WARN_STRICT_PROTOTYPES = YES;
				CLANG_WARN_SUSPICIOUS_MOVE = YES;
				CLANG_WARN_UNGUARDED_AVAILABILITY = YES_AGGRESSIVE;
				CLANG_WARN_UNREACHABLE_CODE = YES;
				CLANG_WARN__DUPLICATE_METHOD_MATCH = YES;
				COPY_PHASE_STRIP = NO;
				DEBUG_INFORMATION_FORMAT = dwarf;
				ENABLE_STRICT_OBJC_MSGSEND = YES;
				ENABLE_TESTABILITY = YES;
				GCC_C_LANGUAGE_STANDARD = gnu11;
				GCC_DYNAMIC_NO_PIC = NO;
				GCC_NO_COMMON_BLOCKS = YES;
				GCC_OPTIMIZATION_LEVEL = 0;
				GCC_PREPROCESSOR_DEFINITIONS = (
					"DEBUG=1",
					"$(inherited)",
				);
				GCC_WARN_64_TO_32_BIT_CONVERSION = YES;
				GCC_WARN_ABOUT_RETURN_TYPE = YES_ERROR;
				GCC_WARN_UNDECLARED_SELECTOR = YES;
				GCC_WARN_UNINITIALIZED_AUTOS = YES_AGGRESSIVE;
				GCC_WARN_UNUSED_FUNCTION = YES;
				GCC_WARN_UNUSED_VARIABLE = YES;
				IPHONEOS_DEPLOYMENT_TARGET = 15.4;
				MTL_ENABLE_DEBUG_INFO = INCLUDE_SOURCE;
				MTL_FAST_MATH = YES;
				ONLY_ACTIVE_ARCH = YES;
				SDKROOT = iphoneos;
				SWIFT_ACTIVE_COMPILATION_CONDITIONS = DEBUG;
				SWIFT_OPTIMIZATION_LEVEL = "-Onone";
			};
			name = Debug;
		};
		691285AD27FE1AC3009EE361 /* Release */ = {
			isa = XCBuildConfiguration;
			buildSettings = {
				ALWAYS_SEARCH_USER_PATHS = NO;
				CLANG_ANALYZER_NONNULL = YES;
				CLANG_ANALYZER_NUMBER_OBJECT_CONVERSION = YES_AGGRESSIVE;
				CLANG_CXX_LANGUAGE_STANDARD = "gnu++17";
				CLANG_ENABLE_MODULES = YES;
				CLANG_ENABLE_OBJC_ARC = YES;
				CLANG_ENABLE_OBJC_WEAK = YES;
				CLANG_WARN_BLOCK_CAPTURE_AUTORELEASING = YES;
				CLANG_WARN_BOOL_CONVERSION = YES;
				CLANG_WARN_COMMA = YES;
				CLANG_WARN_CONSTANT_CONVERSION = YES;
				CLANG_WARN_DEPRECATED_OBJC_IMPLEMENTATIONS = YES;
				CLANG_WARN_DIRECT_OBJC_ISA_USAGE = YES_ERROR;
				CLANG_WARN_DOCUMENTATION_COMMENTS = YES;
				CLANG_WARN_EMPTY_BODY = YES;
				CLANG_WARN_ENUM_CONVERSION = YES;
				CLANG_WARN_INFINITE_RECURSION = YES;
				CLANG_WARN_INT_CONVERSION = YES;
				CLANG_WARN_NON_LITERAL_NULL_CONVERSION = YES;
				CLANG_WARN_OBJC_IMPLICIT_RETAIN_SELF = YES;
				CLANG_WARN_OBJC_LITERAL_CONVERSION = YES;
				CLANG_WARN_OBJC_ROOT_CLASS = YES_ERROR;
				CLANG_WARN_QUOTED_INCLUDE_IN_FRAMEWORK_HEADER = YES;
				CLANG_WARN_RANGE_LOOP_ANALYSIS = YES;
				CLANG_WARN_STRICT_PROTOTYPES = YES;
				CLANG_WARN_SUSPICIOUS_MOVE = YES;
				CLANG_WARN_UNGUARDED_AVAILABILITY = YES_AGGRESSIVE;
				CLANG_WARN_UNREACHABLE_CODE = YES;
				CLANG_WARN__DUPLICATE_METHOD_MATCH = YES;
				COPY_PHASE_STRIP = NO;
				DEBUG_INFORMATION_FORMAT = "dwarf-with-dsym";
				ENABLE_NS_ASSERTIONS = NO;
				ENABLE_STRICT_OBJC_MSGSEND = YES;
				GCC_C_LANGUAGE_STANDARD = gnu11;
				GCC_NO_COMMON_BLOCKS = YES;
				GCC_WARN_64_TO_32_BIT_CONVERSION = YES;
				GCC_WARN_ABOUT_RETURN_TYPE = YES_ERROR;
				GCC_WARN_UNDECLARED_SELECTOR = YES;
				GCC_WARN_UNINITIALIZED_AUTOS = YES_AGGRESSIVE;
				GCC_WARN_UNUSED_FUNCTION = YES;
				GCC_WARN_UNUSED_VARIABLE = YES;
				IPHONEOS_DEPLOYMENT_TARGET = 15.4;
				MTL_ENABLE_DEBUG_INFO = NO;
				MTL_FAST_MATH = YES;
				SDKROOT = iphoneos;
				SWIFT_COMPILATION_MODE = wholemodule;
				SWIFT_OPTIMIZATION_LEVEL = "-O";
				VALIDATE_PRODUCT = YES;
			};
			name = Release;
		};
		691285AF27FE1AC3009EE361 /* Debug */ = {
			isa = XCBuildConfiguration;
			baseConfigurationReference = D6ACEDFCB44D42E250AB5A3B /* Pods-SortbyRealmTestApp.debug.xcconfig */;
			buildSettings = {
				ASSETCATALOG_COMPILER_APPICON_NAME = AppIcon;
				ASSETCATALOG_COMPILER_GLOBAL_ACCENT_COLOR_NAME = AccentColor;
				CODE_SIGN_STYLE = Automatic;
				CURRENT_PROJECT_VERSION = 1;
				DEVELOPMENT_TEAM = 3Y4GK7Y66H;
				GENERATE_INFOPLIST_FILE = YES;
				INFOPLIST_FILE = SortbyRealmTestApp/Info.plist;
				INFOPLIST_KEY_UIApplicationSupportsIndirectInputEvents = YES;
				INFOPLIST_KEY_UILaunchStoryboardName = LaunchScreen;
				INFOPLIST_KEY_UIMainStoryboardFile = Main;
				INFOPLIST_KEY_UISupportedInterfaceOrientations_iPad = "UIInterfaceOrientationPortrait UIInterfaceOrientationPortraitUpsideDown UIInterfaceOrientationLandscapeLeft UIInterfaceOrientationLandscapeRight";
				INFOPLIST_KEY_UISupportedInterfaceOrientations_iPhone = "UIInterfaceOrientationPortrait UIInterfaceOrientationLandscapeLeft UIInterfaceOrientationLandscapeRight";
				LD_RUNPATH_SEARCH_PATHS = (
					"$(inherited)",
					"@executable_path/Frameworks",
				);
				MARKETING_VERSION = 1.0;
				PRODUCT_BUNDLE_IDENTIFIER = com.masatakasumida.SortbyRealmTestApp;
				PRODUCT_NAME = "$(TARGET_NAME)";
				SWIFT_EMIT_LOC_STRINGS = YES;
				SWIFT_VERSION = 5.0;
				TARGETED_DEVICE_FAMILY = "1,2";
			};
			name = Debug;
		};
		691285B027FE1AC3009EE361 /* Release */ = {
			isa = XCBuildConfiguration;
			baseConfigurationReference = 77AFEF5BD6D8BE2C56361E63 /* Pods-SortbyRealmTestApp.release.xcconfig */;
			buildSettings = {
				ASSETCATALOG_COMPILER_APPICON_NAME = AppIcon;
				ASSETCATALOG_COMPILER_GLOBAL_ACCENT_COLOR_NAME = AccentColor;
				CODE_SIGN_STYLE = Automatic;
				CURRENT_PROJECT_VERSION = 1;
				DEVELOPMENT_TEAM = 3Y4GK7Y66H;
				GENERATE_INFOPLIST_FILE = YES;
				INFOPLIST_FILE = SortbyRealmTestApp/Info.plist;
				INFOPLIST_KEY_UIApplicationSupportsIndirectInputEvents = YES;
				INFOPLIST_KEY_UILaunchStoryboardName = LaunchScreen;
				INFOPLIST_KEY_UIMainStoryboardFile = Main;
				INFOPLIST_KEY_UISupportedInterfaceOrientations_iPad = "UIInterfaceOrientationPortrait UIInterfaceOrientationPortraitUpsideDown UIInterfaceOrientationLandscapeLeft UIInterfaceOrientationLandscapeRight";
				INFOPLIST_KEY_UISupportedInterfaceOrientations_iPhone = "UIInterfaceOrientationPortrait UIInterfaceOrientationLandscapeLeft UIInterfaceOrientationLandscapeRight";
				LD_RUNPATH_SEARCH_PATHS = (
					"$(inherited)",
					"@executable_path/Frameworks",
				);
				MARKETING_VERSION = 1.0;
				PRODUCT_BUNDLE_IDENTIFIER = com.masatakasumida.SortbyRealmTestApp;
				PRODUCT_NAME = "$(TARGET_NAME)";
				SWIFT_EMIT_LOC_STRINGS = YES;
				SWIFT_VERSION = 5.0;
				TARGETED_DEVICE_FAMILY = "1,2";
			};
			name = Release;
		};
		691285B227FE1AC3009EE361 /* Debug */ = {
			isa = XCBuildConfiguration;
			baseConfigurationReference = 311C0D822EF37AF80FD9185C /* Pods-SortbyRealmTestAppTests.debug.xcconfig */;
			buildSettings = {
				ALWAYS_EMBED_SWIFT_STANDARD_LIBRARIES = YES;
				BUNDLE_LOADER = "$(TEST_HOST)";
				CODE_SIGN_STYLE = Automatic;
				CURRENT_PROJECT_VERSION = 1;
				DEVELOPMENT_TEAM = 3Y4GK7Y66H;
				GENERATE_INFOPLIST_FILE = YES;
				IPHONEOS_DEPLOYMENT_TARGET = 15.4;
				MARKETING_VERSION = 1.0;
				PRODUCT_BUNDLE_IDENTIFIER = com.masatakasumida.SortbyRealmTestAppTests;
				PRODUCT_NAME = "$(TARGET_NAME)";
				SWIFT_EMIT_LOC_STRINGS = NO;
				SWIFT_VERSION = 5.0;
				TARGETED_DEVICE_FAMILY = "1,2";
				TEST_HOST = "$(BUILT_PRODUCTS_DIR)/SortbyRealmTestApp.app/SortbyRealmTestApp";
			};
			name = Debug;
		};
		691285B327FE1AC3009EE361 /* Release */ = {
			isa = XCBuildConfiguration;
			baseConfigurationReference = 25EB3F80A52B5397A65EDC9C /* Pods-SortbyRealmTestAppTests.release.xcconfig */;
			buildSettings = {
				ALWAYS_EMBED_SWIFT_STANDARD_LIBRARIES = YES;
				BUNDLE_LOADER = "$(TEST_HOST)";
				CODE_SIGN_STYLE = Automatic;
				CURRENT_PROJECT_VERSION = 1;
				DEVELOPMENT_TEAM = 3Y4GK7Y66H;
				GENERATE_INFOPLIST_FILE = YES;
				IPHONEOS_DEPLOYMENT_TARGET = 15.4;
				MARKETING_VERSION = 1.0;
				PRODUCT_BUNDLE_IDENTIFIER = com.masatakasumida.SortbyRealmTestAppTests;
				PRODUCT_NAME = "$(TARGET_NAME)";
				SWIFT_EMIT_LOC_STRINGS = NO;
				SWIFT_VERSION = 5.0;
				TARGETED_DEVICE_FAMILY = "1,2";
				TEST_HOST = "$(BUILT_PRODUCTS_DIR)/SortbyRealmTestApp.app/SortbyRealmTestApp";
			};
			name = Release;
		};
		691285B527FE1AC3009EE361 /* Debug */ = {
			isa = XCBuildConfiguration;
			baseConfigurationReference = AFC2204146264E045D9FCA36 /* Pods-SortbyRealmTestApp-SortbyRealmTestAppUITests.debug.xcconfig */;
			buildSettings = {
				ALWAYS_EMBED_SWIFT_STANDARD_LIBRARIES = YES;
				CODE_SIGN_STYLE = Automatic;
				CURRENT_PROJECT_VERSION = 1;
				DEVELOPMENT_TEAM = 3Y4GK7Y66H;
				GENERATE_INFOPLIST_FILE = YES;
				MARKETING_VERSION = 1.0;
				PRODUCT_BUNDLE_IDENTIFIER = com.masatakasumida.SortbyRealmTestAppUITests;
				PRODUCT_NAME = "$(TARGET_NAME)";
				SWIFT_EMIT_LOC_STRINGS = NO;
				SWIFT_VERSION = 5.0;
				TARGETED_DEVICE_FAMILY = "1,2";
				TEST_TARGET_NAME = SortbyRealmTestApp;
			};
			name = Debug;
		};
		691285B627FE1AC3009EE361 /* Release */ = {
			isa = XCBuildConfiguration;
			baseConfigurationReference = C1E86CC6D3063438CBEAB37A /* Pods-SortbyRealmTestApp-SortbyRealmTestAppUITests.release.xcconfig */;
			buildSettings = {
				ALWAYS_EMBED_SWIFT_STANDARD_LIBRARIES = YES;
				CODE_SIGN_STYLE = Automatic;
				CURRENT_PROJECT_VERSION = 1;
				DEVELOPMENT_TEAM = 3Y4GK7Y66H;
				GENERATE_INFOPLIST_FILE = YES;
				MARKETING_VERSION = 1.0;
				PRODUCT_BUNDLE_IDENTIFIER = com.masatakasumida.SortbyRealmTestAppUITests;
				PRODUCT_NAME = "$(TARGET_NAME)";
				SWIFT_EMIT_LOC_STRINGS = NO;
				SWIFT_VERSION = 5.0;
				TARGETED_DEVICE_FAMILY = "1,2";
				TEST_TARGET_NAME = SortbyRealmTestApp;
			};
			name = Release;
		};
/* End XCBuildConfiguration section */

/* Begin XCConfigurationList section */
		6912857F27FE1AC2009EE361 /* Build configuration list for PBXProject "SortbyRealmTestApp" */ = {
			isa = XCConfigurationList;
			buildConfigurations = (
				691285AC27FE1AC3009EE361 /* Debug */,
				691285AD27FE1AC3009EE361 /* Release */,
			);
			defaultConfigurationIsVisible = 0;
			defaultConfigurationName = Release;
		};
		691285AE27FE1AC3009EE361 /* Build configuration list for PBXNativeTarget "SortbyRealmTestApp" */ = {
			isa = XCConfigurationList;
			buildConfigurations = (
				691285AF27FE1AC3009EE361 /* Debug */,
				691285B027FE1AC3009EE361 /* Release */,
			);
			defaultConfigurationIsVisible = 0;
			defaultConfigurationName = Release;
		};
		691285B127FE1AC3009EE361 /* Build configuration list for PBXNativeTarget "SortbyRealmTestAppTests" */ = {
			isa = XCConfigurationList;
			buildConfigurations = (
				691285B227FE1AC3009EE361 /* Debug */,
				691285B327FE1AC3009EE361 /* Release */,
			);
			defaultConfigurationIsVisible = 0;
			defaultConfigurationName = Release;
		};
		691285B427FE1AC3009EE361 /* Build configuration list for PBXNativeTarget "SortbyRealmTestAppUITests" */ = {
			isa = XCConfigurationList;
			buildConfigurations = (
				691285B527FE1AC3009EE361 /* Debug */,
				691285B627FE1AC3009EE361 /* Release */,
			);
			defaultConfigurationIsVisible = 0;
			defaultConfigurationName = Release;
		};
/* End XCConfigurationList section */
	};
	rootObject = 6912857C27FE1AC2009EE361 /* Project object */;
}
